# this file is automatically generated; do not edit by hand.

[dep.mach-std]
url = "https://github.com/briar-systems/mach-std"
ref = "branch/main"
commit = "fce25b528bafa3a8392df9e0ad62409f85335183"

[dep.mach]
url = "https://github.com/briar-systems/mach"
ref = "branch/main"
commit = "81ff7efdaffe019663017a7de718e82d876acd07"
