# this file is automatically generated; do not edit by hand.

[dep.mach-std]
url = "https://github.com/briar-systems/mach-std"
ref = "branch/main"
commit = "c500b97631ada14579eb29f305f780c961d8ee0a"

[dep.mach]
url = "https://github.com/briar-systems/mach"
ref = "branch/main"
commit = "9b0c669dcf141ea65c9fb360f8ec78dd5e6aef7a"
